
Microsoft Visual Studio Solution File, Format Version 12.00
# Visual Studio Version 16
VisualStudioVersion = 16.0.31727.386
MinimumVisualStudioVersion = 10.0.40219.1
Project("{FAE04EC0-301F-11D3-BF4B-00C04F79EFBC}") = "SheduleManagement", "SheduleManagement\SheduleManagement.csproj", "{69406754-99C1-475A-BE8F-DC8743723056}"
EndProject
Project("{FAE04EC0-301F-11D3-BF4B-00C04F79EFBC}") = "SheduleManagement.Data", "SheduleManagement.Data\SheduleManagement.Data.csproj", "{9EED00DA-3902-4C76-97EE-0C0F158EB83A}"
EndProject
Global
	GlobalSection(SolutionConfigurationPlatforms) = preSolution
		Debug|Any CPU = Debug|Any CPU
		Release|Any CPU = Release|Any CPU
	EndGlobalSection
	GlobalSection(ProjectConfigurationPlatforms) = postSolution
		{69406754-99C1-475A-BE8F-DC8743723056}.Debug|Any CPU.ActiveCfg = Debug|Any CPU
		{69406754-99C1-475A-BE8F-DC8743723056}.Debug|Any CPU.Build.0 = Debug|Any CPU
		{69406754-99C1-475A-BE8F-DC8743723056}.Release|Any CPU.ActiveCfg = Release|Any CPU
		{69406754-99C1-475A-BE8F-DC8743723056}.Release|Any CPU.Build.0 = Release|Any CPU
		{9EED00DA-3902-4C76-97EE-0C0F158EB83A}.Debug|Any CPU.ActiveCfg = Debug|Any CPU
		{9EED00DA-3902-4C76-97EE-0C0F158EB83A}.Debug|Any CPU.Build.0 = Debug|Any CPU
		{9EED00DA-3902-4C76-97EE-0C0F158EB83A}.Release|Any CPU.ActiveCfg = Release|Any CPU
		{9EED00DA-3902-4C76-97EE-0C0F158EB83A}.Release|Any CPU.Build.0 = Release|Any CPU
	EndGlobalSection
	GlobalSection(SolutionProperties) = preSolution
		HideSolutionNode = FALSE
	EndGlobalSection
	GlobalSection(ExtensibilityGlobals) = postSolution
		SolutionGuid = {04AEA05C-8A19-4EE4-9139-7BF4641B9482}
	EndGlobalSection
EndGlobal
